PODS:
  - RxCocoa (6.2.0):
    - RxRelay (= 6.2.0)
    - RxSwift (= 6.2.0)
  - RxRelay (6.2.0):
    - RxSwift (= 6.2.0)
  - RxSwift (6.2.0)
  - StarWarsAngie (0.0.5)

DEPENDENCIES:
  - RxCocoa
  - RxSwift
  - StarWarsAngie (from `https://github.com/angiemugo/StarWarsAngie.git`, branch `master`)

SPEC REPOS:
  trunk:
    - RxCocoa
    - RxRelay
    - RxSwift

EXTERNAL SOURCES:
  StarWarsAngie:
    :branch: master
    :git: https://github.com/angiemugo/StarWarsAngie.git

CHECKOUT OPTIONS:
  StarWarsAngie:
    :commit: 539132fa81f261a7cc8689c39b3949376258784b
    :git: https://github.com/angiemugo/StarWarsAngie.git

SPEC CHECKSUMS:
  RxCocoa: 4baf94bb35f2c0ab31bc0cb9f1900155f646ba42
  RxRelay: e72dbfd157807478401ef1982e1c61c945c94b2f
  RxSwift: d356ab7bee873611322f134c5f9ef379fa183d8f
  StarWarsAngie: a08fa61038f2db49d3340377d4dffd80b9287829

PODFILE CHECKSUM: 70019eb7559d18b5e1db50fb377607af57a71db7

COCOAPODS: 1.10.1
